Microsoft Visual Studio Solution File, Format Version 11.00
# Visual Studio 2008

Project("{429879A4-C971-41CD-2A1B-CC1E144DFDFC}") = "Cards-Framework", "Assembly-CSharp-firstpass.csproj", "{8F1FD96C-6D4C-ACA1-8444-E0407ECDFDC8}"
EndProject
Project("{429879A4-C971-41CD-2A1B-CC1E144DFDFC}") = "Cards-Framework", "Assembly-CSharp-Editor-firstpass.csproj", "{4D52B413-2475-8BBF-078D-396CBB4733AB}"
EndProject
Project("{429879A4-C971-41CD-2A1B-CC1E144DFDFC}") = "Cards-Framework", "Assembly-CSharp-Editor.csproj", "{6057FAE9-9BEB-E174-E0EF-75FFCA18411F}"
EndProject
Global
	GlobalSection(SolutionConfigurationPlatforms) = preSolution
		Debug|Any CPU = Debug|Any CPU
		Release|Any CPU = Release|Any CPU
	EndGlobalSection
	GlobalSection(ProjectConfigurationPlatforms) = postSolution
		{8F1FD96C-6D4C-ACA1-8444-E0407ECDFDC8}.Debug|Any CPU.ActiveCfg = Debug|Any CPU
		{8F1FD96C-6D4C-ACA1-8444-E0407ECDFDC8}.Debug|Any CPU.Build.0 = Debug|Any CPU
		{8F1FD96C-6D4C-ACA1-8444-E0407ECDFDC8}.Release|Any CPU.ActiveCfg = Release|Any CPU
		{8F1FD96C-6D4C-ACA1-8444-E0407ECDFDC8}.Release|Any CPU.Build.0 = Release|Any CPU
		{4D52B413-2475-8BBF-078D-396CBB4733AB}.Debug|Any CPU.ActiveCfg = Debug|Any CPU
		{4D52B413-2475-8BBF-078D-396CBB4733AB}.Debug|Any CPU.Build.0 = Debug|Any CPU
		{4D52B413-2475-8BBF-078D-396CBB4733AB}.Release|Any CPU.ActiveCfg = Release|Any CPU
		{4D52B413-2475-8BBF-078D-396CBB4733AB}.Release|Any CPU.Build.0 = Release|Any CPU
		{6057FAE9-9BEB-E174-E0EF-75FFCA18411F}.Debug|Any CPU.ActiveCfg = Debug|Any CPU
		{6057FAE9-9BEB-E174-E0EF-75FFCA18411F}.Debug|Any CPU.Build.0 = Debug|Any CPU
		{6057FAE9-9BEB-E174-E0EF-75FFCA18411F}.Release|Any CPU.ActiveCfg = Release|Any CPU
		{6057FAE9-9BEB-E174-E0EF-75FFCA18411F}.Release|Any CPU.Build.0 = Release|Any CPU
	EndGlobalSection
	GlobalSection(SolutionProperties) = preSolution
		HideSolutionNode = FALSE
	EndGlobalSection
	GlobalSection(MonoDevelopProperties) = preSolution
		StartupItem = Assembly-CSharp.csproj
	EndGlobalSection
EndGlobal
