
Microsoft Visual Studio Solution File, Format Version 12.00
# Visual Studio 2015
Project("{FAE04EC0-301F-11D3-BF4B-00C04F79EFBC}") = "Cards-Framework.CSharp.Plugins", "Cards-Framework.CSharp.Plugins.csproj", "{4BBE1FB9-4A43-07E5-D1A6-B430F1A61F0F}"
EndProject
Project("{FAE04EC0-301F-11D3-BF4B-00C04F79EFBC}") = "Cards-Framework.CSharp.Editor.Plugins", "Cards-Framework.CSharp.Editor.Plugins.csproj", "{1361DACE-2F66-FCB1-A14A-BEB8386B16FA}"
EndProject
Project("{FAE04EC0-301F-11D3-BF4B-00C04F79EFBC}") = "Cards-Framework.CSharp.Editor", "Cards-Framework.CSharp.Editor.csproj", "{0E315512-58BB-045F-E4D2-FFDD8BC7102E}"
EndProject
Project("{FAE04EC0-301F-11D3-BF4B-00C04F79EFBC}") = "Protocol-Gen", "Tools\Protocol-Gen\Protocol-Gen.csproj", "{5AD38A8B-3DB6-46A9-AE99-8491632F26BD}"
EndProject
Project("{5697748A-77EF-44CA-8824-4F5637E5945B}") = "Cards-Framework", "Assets\Scripts\Cards-Framework.luaproj", "{E439935D-B2A2-46AE-856D-2AA408428F33}"
EndProject
Global
	GlobalSection(SolutionConfigurationPlatforms) = preSolution
		Debug|Any CPU = Debug|Any CPU
		Release|Any CPU = Release|Any CPU
	EndGlobalSection
	GlobalSection(ProjectConfigurationPlatforms) = postSolution
		{4BBE1FB9-4A43-07E5-D1A6-B430F1A61F0F}.Debug|Any CPU.ActiveCfg = Debug|Any CPU
		{4BBE1FB9-4A43-07E5-D1A6-B430F1A61F0F}.Debug|Any CPU.Build.0 = Debug|Any CPU
		{4BBE1FB9-4A43-07E5-D1A6-B430F1A61F0F}.Release|Any CPU.ActiveCfg = Release|Any CPU
		{4BBE1FB9-4A43-07E5-D1A6-B430F1A61F0F}.Release|Any CPU.Build.0 = Release|Any CPU
		{1361DACE-2F66-FCB1-A14A-BEB8386B16FA}.Debug|Any CPU.ActiveCfg = Debug|Any CPU
		{1361DACE-2F66-FCB1-A14A-BEB8386B16FA}.Debug|Any CPU.Build.0 = Debug|Any CPU
		{1361DACE-2F66-FCB1-A14A-BEB8386B16FA}.Release|Any CPU.ActiveCfg = Release|Any CPU
		{1361DACE-2F66-FCB1-A14A-BEB8386B16FA}.Release|Any CPU.Build.0 = Release|Any CPU
		{0E315512-58BB-045F-E4D2-FFDD8BC7102E}.Debug|Any CPU.ActiveCfg = Debug|Any CPU
		{0E315512-58BB-045F-E4D2-FFDD8BC7102E}.Debug|Any CPU.Build.0 = Debug|Any CPU
		{0E315512-58BB-045F-E4D2-FFDD8BC7102E}.Release|Any CPU.ActiveCfg = Release|Any CPU
		{0E315512-58BB-045F-E4D2-FFDD8BC7102E}.Release|Any CPU.Build.0 = Release|Any CPU
		{5AD38A8B-3DB6-46A9-AE99-8491632F26BD}.Debug|Any CPU.ActiveCfg = Debug|Any CPU
		{5AD38A8B-3DB6-46A9-AE99-8491632F26BD}.Debug|Any CPU.Build.0 = Debug|Any CPU
		{5AD38A8B-3DB6-46A9-AE99-8491632F26BD}.Release|Any CPU.ActiveCfg = Release|Any CPU
		{5AD38A8B-3DB6-46A9-AE99-8491632F26BD}.Release|Any CPU.Build.0 = Release|Any CPU
		{E439935D-B2A2-46AE-856D-2AA408428F33}.Debug|Any CPU.ActiveCfg = Debug|Any CPU
		{E439935D-B2A2-46AE-856D-2AA408428F33}.Debug|Any CPU.Build.0 = Debug|Any CPU
		{E439935D-B2A2-46AE-856D-2AA408428F33}.Release|Any CPU.ActiveCfg = Release|Any CPU
		{E439935D-B2A2-46AE-856D-2AA408428F33}.Release|Any CPU.Build.0 = Release|Any CPU
	EndGlobalSection
	GlobalSection(SolutionProperties) = preSolution
		HideSolutionNode = FALSE
	EndGlobalSection
EndGlobal
